// !$*UTF8*$!
{
	archiveVersion = 1;
	classes = {
	};
	objectVersion = 50;
	objects = {

/* Begin PBXAggregateTarget section */
		16A5AD1F23DC31E000F50090 /* UtilityLibrary-Universal */ = {
			isa = PBXAggregateTarget;
			buildConfigurationList = 16A5AD2023DC31E000F50090 /* Build configuration list for PBXAggregateTarget "UtilityLibrary-Universal" */;
			buildPhases = (
				16A5AD2323DC31F900F50090 /* ShellScript */,
			);
			dependencies = (
			);
			name = "UtilityLibrary-Universal";
			productName = "UtilityLibrary-Universal";
		};
/* End PBXAggregateTarget section */

/* Begin PBXBuildFile section */
		16A5ACCB23DC285700F50090 /* UtilityLibrary.framework in Frameworks */ = {isa = PBXBuildFile; fileRef = 16A5ACC123DC285700F50090 /* UtilityLibrary.framework */; };
		16A5ACD023DC285700F50090 /* UtilityLibraryTests.swift in Sources */ = {isa = PBXBuildFile; fileRef = 16A5ACCF23DC285700F50090 /* UtilityLibraryTests.swift */; };
		16A5ACD223DC285700F50090 /* UtilityLibrary.h in Headers */ = {isa = PBXBuildFile; fileRef = 16A5ACC423DC285700F50090 /* UtilityLibrary.h */; settings = {ATTRIBUTES = (Public, ); }; };
		16A5AD2C23DC3C0C00F50090 /* LocalAuthenticationUtility.swift in Sources */ = {isa = PBXBuildFile; fileRef = 16A5AD2B23DC3C0C00F50090 /* LocalAuthenticationUtility.swift */; };
/* End PBXBuildFile section */

/* Begin PBXContainerItemProxy section */
		16A5ACCC23DC285700F50090 /* PBXContainerItemProxy */ = {
			isa = PBXContainerItemProxy;
			containerPortal = 16A5ACB823DC285600F50090 /* Project object */;
			proxyType = 1;
			remoteGlobalIDString = 16A5ACC023DC285700F50090;
			remoteInfo = UtilityLibrary;
		};
/* End PBXContainerItemProxy section */

/* Begin PBXFileReference section */
		16A5ACC123DC285700F50090 /* UtilityLibrary.framework */ = {isa = PBXFileReference; explicitFileType = wrapper.framework; includeInIndex = 0; path = UtilityLibrary.framework; sourceTree = BUILT_PRODUCTS_DIR; };
		16A5ACC423DC285700F50090 /* UtilityLibrary.h */ = {isa = PBXFileReference; lastKnownFileType = sourcecode.c.h; path = UtilityLibrary.h; sourceTree = "<group>"; };
		16A5ACC523DC285700F50090 /* Info.plist */ = {isa = PBXFileReference; lastKnownFileType = text.plist.xml; path = Info.plist; sourceTree = "<group>"; };
		16A5ACCA23DC285700F50090 /* UtilityLibraryTests.xctest */ = {isa = PBXFileReference; explicitFileType = wrapper.cfbundle; includeInIndex = 0; path = UtilityLibraryTests.xctest; sourceTree = BUILT_PRODUCTS_DIR; };
		16A5ACCF23DC285700F50090 /* UtilityLibraryTests.swift */ = {isa = PBXFileReference; lastKnownFileType = sourcecode.swift; path = UtilityLibraryTests.swift; sourceTree = "<group>"; };
		16A5ACD123DC285700F50090 /* Info.plist */ = {isa = PBXFileReference; lastKnownFileType = text.plist.xml; path = Info.plist; sourceTree = "<group>"; };
		16A5AD2B23DC3C0C00F50090 /* LocalAuthenticationUtility.swift */ = {isa = PBXFileReference; fileEncoding = 4; lastKnownFileType = sourcecode.swift; path = LocalAuthenticationUtility.swift; sourceTree = "<group>"; };
/* End PBXFileReference section */

/* Begin PBXFrameworksBuildPhase section */
		16A5ACBE23DC285700F50090 /* Frameworks */ = {
			isa = PBXFrameworksBuildPhase;
			buildActionMask = 2147483647;
			files = (
			);
			runOnlyForDeploymentPostprocessing = 0;
		};
		16A5ACC723DC285700F50090 /* Frameworks */ = {
			isa = PBXFrameworksBuildPhase;
			buildActionMask = 2147483647;
			files = (
				16A5ACCB23DC285700F50090 /* UtilityLibrary.framework in Frameworks */,
			);
			runOnlyForDeploymentPostprocessing = 0;
		};
/* End PBXFrameworksBuildPhase section */

/* Begin PBXGroup section */
		16A5ACB723DC285600F50090 = {
			isa = PBXGroup;
			children = (
				16A5AD2A23DC3C0C00F50090 /* Sources */,
				16A5ACC323DC285700F50090 /* UtilityLibrary */,
				16A5ACCE23DC285700F50090 /* UtilityLibraryTests */,
				16A5ACC223DC285700F50090 /* Products */,
			);
			sourceTree = "<group>";
		};
		16A5ACC223DC285700F50090 /* Products */ = {
			isa = PBXGroup;
			children = (
				16A5ACC123DC285700F50090 /* UtilityLibrary.framework */,
				16A5ACCA23DC285700F50090 /* UtilityLibraryTests.xctest */,
			);
			name = Products;
			sourceTree = "<group>";
		};
		16A5ACC323DC285700F50090 /* UtilityLibrary */ = {
			isa = PBXGroup;
			children = (
				16A5ACC423DC285700F50090 /* UtilityLibrary.h */,
				16A5ACC523DC285700F50090 /* Info.plist */,
			);
			path = UtilityLibrary;
			sourceTree = "<group>";
		};
		16A5ACCE23DC285700F50090 /* UtilityLibraryTests */ = {
			isa = PBXGroup;
			children = (
				16A5ACCF23DC285700F50090 /* UtilityLibraryTests.swift */,
				16A5ACD123DC285700F50090 /* Info.plist */,
			);
			path = UtilityLibraryTests;
			sourceTree = "<group>";
		};
		16A5AD2A23DC3C0C00F50090 /* Sources */ = {
			isa = PBXGroup;
			children = (
				16A5AD2B23DC3C0C00F50090 /* LocalAuthenticationUtility.swift */,
			);
			path = Sources;
			sourceTree = "<group>";
		};
/* End PBXGroup section */

/* Begin PBXHeadersBuildPhase section */
		16A5ACBC23DC285700F50090 /* Headers */ = {
			isa = PBXHeadersBuildPhase;
			buildActionMask = 2147483647;
			files = (
				16A5ACD223DC285700F50090 /* UtilityLibrary.h in Headers */,
			);
			runOnlyForDeploymentPostprocessing = 0;
		};
/* End PBXHeadersBuildPhase section */

/* Begin PBXNativeTarget section */
		16A5ACC023DC285700F50090 /* UtilityLibrary */ = {
			isa = PBXNativeTarget;
			buildConfigurationList = 16A5ACD523DC285700F50090 /* Build configuration list for PBXNativeTarget "UtilityLibrary" */;
			buildPhases = (
				16A5ACBC23DC285700F50090 /* Headers */,
				16A5ACBD23DC285700F50090 /* Sources */,
				16A5ACBE23DC285700F50090 /* Frameworks */,
				16A5ACBF23DC285700F50090 /* Resources */,
			);
			buildRules = (
			);
			dependencies = (
			);
			name = UtilityLibrary;
			productName = UtilityLibrary;
			productReference = 16A5ACC123DC285700F50090 /* UtilityLibrary.framework */;
			productType = "com.apple.product-type.framework";
		};
		16A5ACC923DC285700F50090 /* UtilityLibraryTests */ = {
			isa = PBXNativeTarget;
			buildConfigurationList = 16A5ACD823DC285700F50090 /* Build configuration list for PBXNativeTarget "UtilityLibraryTests" */;
			buildPhases = (
				16A5ACC623DC285700F50090 /* Sources */,
				16A5ACC723DC285700F50090 /* Frameworks */,
				16A5ACC823DC285700F50090 /* Resources */,
			);
			buildRules = (
			);
			dependencies = (
				16A5ACCD23DC285700F50090 /* PBXTargetDependency */,
			);
			name = UtilityLibraryTests;
			productName = UtilityLibraryTests;
			productReference = 16A5ACCA23DC285700F50090 /* UtilityLibraryTests.xctest */;
			productType = "com.apple.product-type.bundle.unit-test";
		};
/* End PBXNativeTarget section */

/* Begin PBXProject section */
		16A5ACB823DC285600F50090 /* Project object */ = {
			isa = PBXProject;
			attributes = {
				LastSwiftUpdateCheck = 1130;
				LastUpgradeCheck = 1130;
				ORGANIZATIONNAME = "haseken-dev";
				TargetAttributes = {
					16A5ACC023DC285700F50090 = {
						CreatedOnToolsVersion = 11.3.1;
						LastSwiftMigration = 1130;
					};
					16A5ACC923DC285700F50090 = {
						CreatedOnToolsVersion = 11.3.1;
					};
					16A5AD1F23DC31E000F50090 = {
						CreatedOnToolsVersion = 11.3.1;
					};
				};
			};
			buildConfigurationList = 16A5ACBB23DC285600F50090 /* Build configuration list for PBXProject "UtilityLibrary" */;
			compatibilityVersion = "Xcode 9.3";
			developmentRegion = en;
			hasScannedForEncodings = 0;
			knownRegions = (
				en,
				Base,
			);
			mainGroup = 16A5ACB723DC285600F50090;
			productRefGroup = 16A5ACC223DC285700F50090 /* Products */;
			projectDirPath = "";
			projectRoot = "";
			targets = (
				16A5ACC023DC285700F50090 /* UtilityLibrary */,
				16A5ACC923DC285700F50090 /* UtilityLibraryTests */,
				16A5AD1F23DC31E000F50090 /* UtilityLibrary-Universal */,
			);
		};
/* End PBXProject section */

/* Begin PBXResourcesBuildPhase section */
		16A5ACBF23DC285700F50090 /* Resources */ = {
			isa = PBXResourcesBuildPhase;
			buildActionMask = 2147483647;
			files = (
			);
			runOnlyForDeploymentPostprocessing = 0;
		};
		16A5ACC823DC285700F50090 /* Resources */ = {
			isa = PBXResourcesBuildPhase;
			buildActionMask = 2147483647;
			files = (
			);
			runOnlyForDeploymentPostprocessing = 0;
		};
/* End PBXResourcesBuildPhase section */

/* Begin PBXShellScriptBuildPhase section */
		16A5AD2323DC31F900F50090 /* ShellScript */ = {
			isa = PBXShellScriptBuildPhase;
			buildActionMask = 2147483647;
			files = (
			);
			inputFileListPaths = (
			);
			inputPaths = (
			);
			outputFileListPaths = (
			);
			outputPaths = (
			);
			runOnlyForDeploymentPostprocessing = 0;
			shellPath = /bin/sh;
			shellScript = "######################\n# Options\n######################\n\nREVEAL_ARCHIVE_IN_FINDER=false\n\nFRAMEWORK_NAME=\"${PROJECT_NAME}\"\n\nSIMULATOR_LIBRARY_PATH=\"${BUILD_DIR}/${CONFIGURATION}-iphonesimulator/${FRAMEWORK_NAME}.framework\"\n\nDEVICE_LIBRARY_PATH=\"${BUILD_DIR}/${CONFIGURATION}-iphoneos/${FRAMEWORK_NAME}.framework\"\n\nUNIVERSAL_LIBRARY_DIR=\"${BUILD_DIR}/${CONFIGURATION}-iphoneuniversal\"\n\nFRAMEWORK=\"${UNIVERSAL_LIBRARY_DIR}/${FRAMEWORK_NAME}.framework\"\n\n\n######################\n# Build Frameworks\n######################\n\nxcodebuild -workspace ${PROJECT_NAME}.xcworkspace -scheme ${PROJECT_NAME} -sdk iphonesimulator -configuration ${CONFIGURATION} clean build CONFIGURATION_BUILD_DIR=${BUILD_DIR}/${CONFIGURATION}-iphonesimulator 2>&1\n\nxcodebuild -workspace ${PROJECT_NAME}.xcworkspace -scheme ${PROJECT_NAME} -sdk iphoneos -configuration ${CONFIGURATION} clean build CONFIGURATION_BUILD_DIR=${BUILD_DIR}/${CONFIGURATION}-iphoneos 2>&1\n\n######################\n# Create directory for universal\n######################\n\nrm -rf \"${UNIVERSAL_LIBRARY_DIR}\"\n\nmkdir \"${UNIVERSAL_LIBRARY_DIR}\"\n\nmkdir \"${FRAMEWORK}\"\n\n\n######################\n# Copy files Framework\n######################\n\ncp -r \"${DEVICE_LIBRARY_PATH}/.\" \"${FRAMEWORK}\"\n\n\n######################\n# Make an universal binary\n######################\n\nlipo \"${SIMULATOR_LIBRARY_PATH}/${FRAMEWORK_NAME}\" \"${DEVICE_LIBRARY_PATH}/${FRAMEWORK_NAME}\" -create -output \"${FRAMEWORK}/${FRAMEWORK_NAME}\" | echo\n\n# For Swift framework, Swiftmodule needs to be copied in the universal framework\nif [ -d \"${SIMULATOR_LIBRARY_PATH}/Modules/${FRAMEWORK_NAME}.swiftmodule/\" ]; then\ncp -f ${SIMULATOR_LIBRARY_PATH}/Modules/${FRAMEWORK_NAME}.swiftmodule/* \"${FRAMEWORK}/Modules/${FRAMEWORK_NAME}.swiftmodule/\" | echo\n                                                                      fi\n\n                                                                      if [ -d \"${DEVICE_LIBRARY_PATH}/Modules/${FRAMEWORK_NAME}.swiftmodule/\" ]; then\n                                                                      cp -f ${DEVICE_LIBRARY_PATH}/Modules/${FRAMEWORK_NAME}.swiftmodule/* \"${FRAMEWORK}/Modules/${FRAMEWORK_NAME}.swiftmodule/\" | echo\n                                                                      fi\n\n                                                                      ######################\n                                                                      # On Release, copy the result to release directory\n                                                                      ######################\n                                                                      OUTPUT_DIR=\"${PROJECT_DIR}/Output/${FRAMEWORK_NAME}-${CONFIGURATION}-iphoneuniversal/\"\n\n                                                                      rm -rf \"$OUTPUT_DIR\"\n                                                                      mkdir -p \"$OUTPUT_DIR\"\n\n                                                                      cp -r \"${FRAMEWORK}\" \"$OUTPUT_DIR\"\n\n                                                                      if [ ${REVEAL_ARCHIVE_IN_FINDER} = true ]; then\n                                                                      open \"${OUTPUT_DIR}/\"\n                                                                      fi\n";
		};
/* End PBXShellScriptBuildPhase section */

/* Begin PBXSourcesBuildPhase section */
		16A5ACBD23DC285700F50090 /* Sources */ = {
			isa = PBXSourcesBuildPhase;
			buildActionMask = 2147483647;
			files = (
				16A5AD2C23DC3C0C00F50090 /* LocalAuthenticationUtility.swift in Sources */,
			);
			runOnlyForDeploymentPostprocessing = 0;
		};
		16A5ACC623DC285700F50090 /* Sources */ = {
			isa = PBXSourcesBuildPhase;
			buildActionMask = 2147483647;
			files = (
				16A5ACD023DC285700F50090 /* UtilityLibraryTests.swift in Sources */,
			);
			runOnlyForDeploymentPostprocessing = 0;
		};
/* End PBXSourcesBuildPhase section */

/* Begin PBXTargetDependency section */
		16A5ACCD23DC285700F50090 /* PBXTargetDependency */ = {
			isa = PBXTargetDependency;
			target = 16A5ACC023DC285700F50090 /* UtilityLibrary */;
			targetProxy = 16A5ACCC23DC285700F50090 /* PBXContainerItemProxy */;
		};
/* End PBXTargetDependency section */

/* Begin XCBuildConfiguration section */
		16A5ACD323DC285700F50090 /* Debug */ = {
			isa = XCBuildConfiguration;
			buildSettings = {
				ALWAYS_SEARCH_USER_PATHS = NO;
				CLANG_ANALYZER_NONNULL = YES;
				CLANG_ANALYZER_NUMBER_OBJECT_CONVERSION = YES_AGGRESSIVE;
				CLANG_CXX_LANGUAGE_STANDARD = "gnu++14";
				CLANG_CXX_LIBRARY = "libc++";
				CLANG_ENABLE_MODULES = YES;
				CLANG_ENABLE_OBJC_ARC = YES;
				CLANG_ENABLE_OBJC_WEAK = YES;
				CLANG_WARN_BLOCK_CAPTURE_AUTORELEASING = YES;
				CLANG_WARN_BOOL_CONVERSION = YES;
				CLANG_WARN_COMMA = YES;
				CLANG_WARN_CONSTANT_CONVERSION = YES;
				CLANG_WARN_DEPRECATED_OBJC_IMPLEMENTATIONS = YES;
				CLANG_WARN_DIRECT_OBJC_ISA_USAGE = YES_ERROR;
				CLANG_WARN_DOCUMENTATION_COMMENTS = YES;
				CLANG_WARN_EMPTY_BODY = YES;
				CLANG_WARN_ENUM_CONVERSION = YES;
				CLANG_WARN_INFINITE_RECURSION = YES;
				CLANG_WARN_INT_CONVERSION = YES;
				CLANG_WARN_NON_LITERAL_NULL_CONVERSION = YES;
				CLANG_WARN_OBJC_IMPLICIT_RETAIN_SELF = YES;
				CLANG_WARN_OBJC_LITERAL_CONVERSION = YES;
				CLANG_WARN_OBJC_ROOT_CLASS = YES_ERROR;
				CLANG_WARN_RANGE_LOOP_ANALYSIS = YES;
				CLANG_WARN_STRICT_PROTOTYPES = YES;
				CLANG_WARN_SUSPICIOUS_MOVE = YES;
				CLANG_WARN_UNGUARDED_AVAILABILITY = YES_AGGRESSIVE;
				CLANG_WARN_UNREACHABLE_CODE = YES;
				CLANG_WARN__DUPLICATE_METHOD_MATCH = YES;
				COPY_PHASE_STRIP = NO;
				CURRENT_PROJECT_VERSION = 1;
				DEBUG_INFORMATION_FORMAT = dwarf;
				ENABLE_STRICT_OBJC_MSGSEND = YES;
				ENABLE_TESTABILITY = YES;
				GCC_C_LANGUAGE_STANDARD = gnu11;
				GCC_DYNAMIC_NO_PIC = NO;
				GCC_NO_COMMON_BLOCKS = YES;
				GCC_OPTIMIZATION_LEVEL = 0;
				GCC_PREPROCESSOR_DEFINITIONS = (
					"DEBUG=1",
					"$(inherited)",
				);
				GCC_WARN_64_TO_32_BIT_CONVERSION = YES;
				GCC_WARN_ABOUT_RETURN_TYPE = YES_ERROR;
				GCC_WARN_UNDECLARED_SELECTOR = YES;
				GCC_WARN_UNINITIALIZED_AUTOS = YES_AGGRESSIVE;
				GCC_WARN_UNUSED_FUNCTION = YES;
				GCC_WARN_UNUSED_VARIABLE = YES;
				IPHONEOS_DEPLOYMENT_TARGET = 13.2;
				MTL_ENABLE_DEBUG_INFO = INCLUDE_SOURCE;
				MTL_FAST_MATH = YES;
				ONLY_ACTIVE_ARCH = YES;
				SDKROOT = iphoneos;
				SWIFT_ACTIVE_COMPILATION_CONDITIONS = DEBUG;
				SWIFT_OPTIMIZATION_LEVEL = "-Onone";
				VERSIONING_SYSTEM = "apple-generic";
				VERSION_INFO_PREFIX = "";
			};
			name = Debug;
		};
		16A5ACD423DC285700F50090 /* Release */ = {
			isa = XCBuildConfiguration;
			buildSettings = {
				ALWAYS_SEARCH_USER_PATHS = NO;
				CLANG_ANALYZER_NONNULL = YES;
				CLANG_ANALYZER_NUMBER_OBJECT_CONVERSION = YES_AGGRESSIVE;
				CLANG_CXX_LANGUAGE_STANDARD = "gnu++14";
				CLANG_CXX_LIBRARY = "libc++";
				CLANG_ENABLE_MODULES = YES;
				CLANG_ENABLE_OBJC_ARC = YES;
				CLANG_ENABLE_OBJC_WEAK = YES;
				CLANG_WARN_BLOCK_CAPTURE_AUTORELEASING = YES;
				CLANG_WARN_BOOL_CONVERSION = YES;
				CLANG_WARN_COMMA = YES;
				CLANG_WARN_CONSTANT_CONVERSION = YES;
				CLANG_WARN_DEPRECATED_OBJC_IMPLEMENTATIONS = YES;
				CLANG_WARN_DIRECT_OBJC_ISA_USAGE = YES_ERROR;
				CLANG_WARN_DOCUMENTATION_COMMENTS = YES;
				CLANG_WARN_EMPTY_BODY = YES;
				CLANG_WARN_ENUM_CONVERSION = YES;
				CLANG_WARN_INFINITE_RECURSION = YES;
				CLANG_WARN_INT_CONVERSION = YES;
				CLANG_WARN_NON_LITERAL_NULL_CONVERSION = YES;
				CLANG_WARN_OBJC_IMPLICIT_RETAIN_SELF = YES;
				CLANG_WARN_OBJC_LITERAL_CONVERSION = YES;
				CLANG_WARN_OBJC_ROOT_CLASS = YES_ERROR;
				CLANG_WARN_RANGE_LOOP_ANALYSIS = YES;
				CLANG_WARN_STRICT_PROTOTYPES = YES;
				CLANG_WARN_SUSPICIOUS_MOVE = YES;
				CLANG_WARN_UNGUARDED_AVAILABILITY = YES_AGGRESSIVE;
				CLANG_WARN_UNREACHABLE_CODE = YES;
				CLANG_WARN__DUPLICATE_METHOD_MATCH = YES;
				COPY_PHASE_STRIP = NO;
				CURRENT_PROJECT_VERSION = 1;
				DEBUG_INFORMATION_FORMAT = "dwarf-with-dsym";
				ENABLE_NS_ASSERTIONS = NO;
				ENABLE_STRICT_OBJC_MSGSEND = YES;
				GCC_C_LANGUAGE_STANDARD = gnu11;
				GCC_NO_COMMON_BLOCKS = YES;
				GCC_WARN_64_TO_32_BIT_CONVERSION = YES;
				GCC_WARN_ABOUT_RETURN_TYPE = YES_ERROR;
				GCC_WARN_UNDECLARED_SELECTOR = YES;
				GCC_WARN_UNINITIALIZED_AUTOS = YES_AGGRESSIVE;
				GCC_WARN_UNUSED_FUNCTION = YES;
				GCC_WARN_UNUSED_VARIABLE = YES;
				IPHONEOS_DEPLOYMENT_TARGET = 13.2;
				MTL_ENABLE_DEBUG_INFO = NO;
				MTL_FAST_MATH = YES;
				SDKROOT = iphoneos;
				SWIFT_COMPILATION_MODE = wholemodule;
				SWIFT_OPTIMIZATION_LEVEL = "-O";
				VALIDATE_PRODUCT = YES;
				VERSIONING_SYSTEM = "apple-generic";
				VERSION_INFO_PREFIX = "";
			};
			name = Release;
		};
		16A5ACD623DC285700F50090 /* Debug */ = {
			isa = XCBuildConfiguration;
			buildSettings = {
				CLANG_ENABLE_MODULES = YES;
				CODE_SIGN_STYLE = Automatic;
				DEFINES_MODULE = YES;
				DEVELOPMENT_TEAM = 74X8PMB47V;
				DYLIB_COMPATIBILITY_VERSION = 1;
				DYLIB_CURRENT_VERSION = 1;
				DYLIB_INSTALL_NAME_BASE = "@rpath";
				INFOPLIST_FILE = UtilityLibrary/Info.plist;
				INSTALL_PATH = "$(LOCAL_LIBRARY_DIR)/Frameworks";
				LD_RUNPATH_SEARCH_PATHS = (
					"$(inherited)",
					"@executable_path/Frameworks",
					"@loader_path/Frameworks",
				);
				PRODUCT_BUNDLE_IDENTIFIER = "com.ken-hasegawa.UtilityLibrary";
				PRODUCT_NAME = "$(TARGET_NAME:c99extidentifier)";
				SKIP_INSTALL = YES;
				SWIFT_OPTIMIZATION_LEVEL = "-Onone";
				SWIFT_VERSION = 5.0;
				TARGETED_DEVICE_FAMILY = "1,2";
			};
			name = Debug;
		};
		16A5ACD723DC285700F50090 /* Release */ = {
			isa = XCBuildConfiguration;
			buildSettings = {
				CLANG_ENABLE_MODULES = YES;
				CODE_SIGN_STYLE = Automatic;
				DEFINES_MODULE = YES;
				DEVELOPMENT_TEAM = 74X8PMB47V;
				DYLIB_COMPATIBILITY_VERSION = 1;
				DYLIB_CURRENT_VERSION = 1;
				DYLIB_INSTALL_NAME_BASE = "@rpath";
				INFOPLIST_FILE = UtilityLibrary/Info.plist;
				INSTALL_PATH = "$(LOCAL_LIBRARY_DIR)/Frameworks";
				LD_RUNPATH_SEARCH_PATHS = (
					"$(inherited)",
					"@executable_path/Frameworks",
					"@loader_path/Frameworks",
				);
				PRODUCT_BUNDLE_IDENTIFIER = "com.ken-hasegawa.UtilityLibrary";
				PRODUCT_NAME = "$(TARGET_NAME:c99extidentifier)";
				SKIP_INSTALL = YES;
				SWIFT_VERSION = 5.0;
				TARGETED_DEVICE_FAMILY = "1,2";
			};
			name = Release;
		};
		16A5ACD923DC285700F50090 /* Debug */ = {
			isa = XCBuildConfiguration;
			buildSettings = {
				ALWAYS_EMBED_SWIFT_STANDARD_LIBRARIES = YES;
				CODE_SIGN_STYLE = Automatic;
				DEVELOPMENT_TEAM = 74X8PMB47V;
				INFOPLIST_FILE = UtilityLibraryTests/Info.plist;
				LD_RUNPATH_SEARCH_PATHS = (
					"$(inherited)",
					"@executable_path/Frameworks",
					"@loader_path/Frameworks",
				);
				PRODUCT_BUNDLE_IDENTIFIER = "com.ken-hasegawa.UtilityLibraryTests";
				PRODUCT_NAME = "$(TARGET_NAME)";
				SWIFT_VERSION = 5.0;
				TARGETED_DEVICE_FAMILY = "1,2";
			};
			name = Debug;
		};
		16A5ACDA23DC285700F50090 /* Release */ = {
			isa = XCBuildConfiguration;
			buildSettings = {
				ALWAYS_EMBED_SWIFT_STANDARD_LIBRARIES = YES;
				CODE_SIGN_STYLE = Automatic;
				DEVELOPMENT_TEAM = 74X8PMB47V;
				INFOPLIST_FILE = UtilityLibraryTests/Info.plist;
				LD_RUNPATH_SEARCH_PATHS = (
					"$(inherited)",
					"@executable_path/Frameworks",
					"@loader_path/Frameworks",
				);
				PRODUCT_BUNDLE_IDENTIFIER = "com.ken-hasegawa.UtilityLibraryTests";
				PRODUCT_NAME = "$(TARGET_NAME)";
				SWIFT_VERSION = 5.0;
				TARGETED_DEVICE_FAMILY = "1,2";
			};
			name = Release;
		};
		16A5AD2123DC31E000F50090 /* Debug */ = {
			isa = XCBuildConfiguration;
			buildSettings = {
				CODE_SIGN_STYLE = Automatic;
				DEVELOPMENT_TEAM = 74X8PMB47V;
				PRODUCT_NAME = "$(TARGET_NAME)";
			};
			name = Debug;
		};
		16A5AD2223DC31E000F50090 /* Release */ = {
			isa = XCBuildConfiguration;
			buildSettings = {
				CODE_SIGN_STYLE = Automatic;
				DEVELOPMENT_TEAM = 74X8PMB47V;
				PRODUCT_NAME = "$(TARGET_NAME)";
			};
			name = Release;
		};
/* End XCBuildConfiguration section */

/* Begin XCConfigurationList section */
		16A5ACBB23DC285600F50090 /* Build configuration list for PBXProject "UtilityLibrary" */ = {
			isa = XCConfigurationList;
			buildConfigurations = (
				16A5ACD323DC285700F50090 /* Debug */,
				16A5ACD423DC285700F50090 /* Release */,
			);
			defaultConfigurationIsVisible = 0;
			defaultConfigurationName = Release;
		};
		16A5ACD523DC285700F50090 /* Build configuration list for PBXNativeTarget "UtilityLibrary" */ = {
			isa = XCConfigurationList;
			buildConfigurations = (
				16A5ACD623DC285700F50090 /* Debug */,
				16A5ACD723DC285700F50090 /* Release */,
			);
			defaultConfigurationIsVisible = 0;
			defaultConfigurationName = Release;
		};
		16A5ACD823DC285700F50090 /* Build configuration list for PBXNativeTarget "UtilityLibraryTests" */ = {
			isa = XCConfigurationList;
			buildConfigurations = (
				16A5ACD923DC285700F50090 /* Debug */,
				16A5ACDA23DC285700F50090 /* Release */,
			);
			defaultConfigurationIsVisible = 0;
			defaultConfigurationName = Release;
		};
		16A5AD2023DC31E000F50090 /* Build configuration list for PBXAggregateTarget "UtilityLibrary-Universal" */ = {
			isa = XCConfigurationList;
			buildConfigurations = (
				16A5AD2123DC31E000F50090 /* Debug */,
				16A5AD2223DC31E000F50090 /* Release */,
			);
			defaultConfigurationIsVisible = 0;
			defaultConfigurationName = Release;
		};
/* End XCConfigurationList section */
	};
	rootObject = 16A5ACB823DC285600F50090 /* Project object */;
}
